# THIS IS AN AUTOGENERATED FILE. DO NOT EDIT THIS FILE DIRECTLY.
# yarn lockfile v1


io-ts@^2.2.9:
  version "2.2.9"
  resolved "https://registry.yarnpkg.com/io-ts/-/io-ts-2.2.9.tgz#9a427512926462f20415099917a31dbf409ff2b0"
  integrity sha512-Q9ob1VnpwyNoMam/BO6hm2dF4uu+to8NWSZNsRW6Q2Ni38PadgLZSQDo0hW7CJFgpJkQw4BXGwXzjr7c47c+fw==
