# THIS IS AN AUTOGENERATED FILE. DO NOT EDIT THIS FILE DIRECTLY.
# yarn lockfile v1


io-ts@^2.2.7:
  version "2.2.7"
  resolved "https://registry.yarnpkg.com/io-ts/-/io-ts-2.2.7.tgz#5c05477580bff4c0154b474316c8916253e87c44"
  integrity sha512-kCusyu/Fa0oax5ue2Id/ZqVLEk5JOWyrXHcLbD4kHoVM50MhDEWUtcHlN7RrD94I8OrWILcVltM6OllnZiHJmg==
