# THIS IS AN AUTOGENERATED FILE. DO NOT EDIT THIS FILE DIRECTLY.
# yarn lockfile v1


io-ts@^2.2.8:
  version "2.2.8"
  resolved "https://registry.yarnpkg.com/io-ts/-/io-ts-2.2.8.tgz#119a9ac5f2dcc000826084f440f37e255a10ae6e"
  integrity sha512-kMpEM7iqomjg3DkpMrdXEhhiL/67oxtMH5185AVGyja0MQP3JONw/w4/51RHZuHaYu3gsWM2zAFzkHETy5eyGw==
